
Microsoft Visual Studio Solution File, Format Version 12.00
# Visual Studio 15
VisualStudioVersion = 15.0.26730.12
MinimumVisualStudioVersion = 10.0.40219.1
Project("{8BC9CEB8-8B4A-11D0-8D11-00A0C91BC942}") = "HelloSDL", "src\HelloSDL\HelloSDL.vcxproj", "{D683C24B-5B0A-4DA3-8292-227C8E39C525}"
EndProject
Project("{8BC9CEB8-8B4A-11D0-8D11-00A0C91BC942}") = "A05", "src\A05\A05.vcxproj", "{1D02AD2A-F813-4080-A60D-0806EB8A45A4}"
EndProject
Project("{8BC9CEB8-8B4A-11D0-8D11-00A0C91BC942}") = "Project1", "src\Project1\Project1.vcxproj", "{4D8808C2-DAD3-4ED6-802A-B494CEFCC885}"
EndProject
Project("{8BC9CEB8-8B4A-11D0-8D11-00A0C91BC942}") = "A07", "A07\A07.vcxproj", "{4EBB5632-A7FB-432F-BDB1-4A14BE096E0A}"
EndProject
Project("{8BC9CEB8-8B4A-11D0-8D11-00A0C91BC942}") = "Ac07", "src\Ac07\Ac07.vcxproj", "{5AF80F10-C5F4-47DF-9427-8DEFA052BBEF}"
EndProject
Global
	GlobalSection(SolutionConfigurationPlatforms) = preSolution
		Debug|x64 = Debug|x64
		Debug|x86 = Debug|x86
		Release|x64 = Release|x64
		Release|x86 = Release|x86
	EndGlobalSection
	GlobalSection(ProjectConfigurationPlatforms) = postSolution
		{D683C24B-5B0A-4DA3-8292-227C8E39C525}.Debug|x64.ActiveCfg = Debug|x64
		{D683C24B-5B0A-4DA3-8292-227C8E39C525}.Debug|x64.Build.0 = Debug|x64
		{D683C24B-5B0A-4DA3-8292-227C8E39C525}.Debug|x86.ActiveCfg = Debug|Win32
		{D683C24B-5B0A-4DA3-8292-227C8E39C525}.Debug|x86.Build.0 = Debug|Win32
		{D683C24B-5B0A-4DA3-8292-227C8E39C525}.Release|x64.ActiveCfg = Release|x64
		{D683C24B-5B0A-4DA3-8292-227C8E39C525}.Release|x64.Build.0 = Release|x64
		{D683C24B-5B0A-4DA3-8292-227C8E39C525}.Release|x86.ActiveCfg = Release|Win32
		{D683C24B-5B0A-4DA3-8292-227C8E39C525}.Release|x86.Build.0 = Release|Win32
		{1D02AD2A-F813-4080-A60D-0806EB8A45A4}.Debug|x64.ActiveCfg = Debug|x64
		{1D02AD2A-F813-4080-A60D-0806EB8A45A4}.Debug|x64.Build.0 = Debug|x64
		{1D02AD2A-F813-4080-A60D-0806EB8A45A4}.Debug|x86.ActiveCfg = Debug|Win32
		{1D02AD2A-F813-4080-A60D-0806EB8A45A4}.Debug|x86.Build.0 = Debug|Win32
		{1D02AD2A-F813-4080-A60D-0806EB8A45A4}.Release|x64.ActiveCfg = Release|x64
		{1D02AD2A-F813-4080-A60D-0806EB8A45A4}.Release|x64.Build.0 = Release|x64
		{1D02AD2A-F813-4080-A60D-0806EB8A45A4}.Release|x86.ActiveCfg = Release|Win32
		{1D02AD2A-F813-4080-A60D-0806EB8A45A4}.Release|x86.Build.0 = Release|Win32
		{4D8808C2-DAD3-4ED6-802A-B494CEFCC885}.Debug|x64.ActiveCfg = Debug|x64
		{4D8808C2-DAD3-4ED6-802A-B494CEFCC885}.Debug|x64.Build.0 = Debug|x64
		{4D8808C2-DAD3-4ED6-802A-B494CEFCC885}.Debug|x86.ActiveCfg = Debug|Win32
		{4D8808C2-DAD3-4ED6-802A-B494CEFCC885}.Debug|x86.Build.0 = Debug|Win32
		{4D8808C2-DAD3-4ED6-802A-B494CEFCC885}.Release|x64.ActiveCfg = Release|x64
		{4D8808C2-DAD3-4ED6-802A-B494CEFCC885}.Release|x64.Build.0 = Release|x64
		{4D8808C2-DAD3-4ED6-802A-B494CEFCC885}.Release|x86.ActiveCfg = Release|Win32
		{4D8808C2-DAD3-4ED6-802A-B494CEFCC885}.Release|x86.Build.0 = Release|Win32
		{4EBB5632-A7FB-432F-BDB1-4A14BE096E0A}.Debug|x64.ActiveCfg = Debug|x64
		{4EBB5632-A7FB-432F-BDB1-4A14BE096E0A}.Debug|x64.Build.0 = Debug|x64
		{4EBB5632-A7FB-432F-BDB1-4A14BE096E0A}.Debug|x86.ActiveCfg = Debug|Win32
		{4EBB5632-A7FB-432F-BDB1-4A14BE096E0A}.Debug|x86.Build.0 = Debug|Win32
		{4EBB5632-A7FB-432F-BDB1-4A14BE096E0A}.Release|x64.ActiveCfg = Release|x64
		{4EBB5632-A7FB-432F-BDB1-4A14BE096E0A}.Release|x64.Build.0 = Release|x64
		{4EBB5632-A7FB-432F-BDB1-4A14BE096E0A}.Release|x86.ActiveCfg = Release|Win32
		{4EBB5632-A7FB-432F-BDB1-4A14BE096E0A}.Release|x86.Build.0 = Release|Win32
		{5AF80F10-C5F4-47DF-9427-8DEFA052BBEF}.Debug|x64.ActiveCfg = Debug|x64
		{5AF80F10-C5F4-47DF-9427-8DEFA052BBEF}.Debug|x64.Build.0 = Debug|x64
		{5AF80F10-C5F4-47DF-9427-8DEFA052BBEF}.Debug|x86.ActiveCfg = Debug|Win32
		{5AF80F10-C5F4-47DF-9427-8DEFA052BBEF}.Debug|x86.Build.0 = Debug|Win32
		{5AF80F10-C5F4-47DF-9427-8DEFA052BBEF}.Release|x64.ActiveCfg = Release|x64
		{5AF80F10-C5F4-47DF-9427-8DEFA052BBEF}.Release|x64.Build.0 = Release|x64
		{5AF80F10-C5F4-47DF-9427-8DEFA052BBEF}.Release|x86.ActiveCfg = Release|Win32
		{5AF80F10-C5F4-47DF-9427-8DEFA052BBEF}.Release|x86.Build.0 = Release|Win32
	EndGlobalSection
	GlobalSection(SolutionProperties) = preSolution
		HideSolutionNode = FALSE
	EndGlobalSection
	GlobalSection(ExtensibilityGlobals) = postSolution
		SolutionGuid = {0A33411E-27D0-4FA3-A6C8-C7E636BF1C4D}
	EndGlobalSection
EndGlobal
